// !$*UTF8*$!
{
	archiveVersion = 1;
	classes = {
	};
	objectVersion = 50;
	objects = {

/* Begin PBXBuildFile section */
		05A01CEE1A74B0497585EC2F /* libPods-GHGestureDraggingDemo.a in Frameworks */ = {isa = PBXBuildFile; fileRef = F7340B3AC6749CE4D531BAF7 /* libPods-GHGestureDraggingDemo.a */; };
		715E0F637F5BDEE6E6ED3EE3 /* libPods-GHGestureCropImageDemo.a in Frameworks */ = {isa = PBXBuildFile; fileRef = 7E3C26510AFED5A3378DE2A9 /* libPods-GHGestureCropImageDemo.a */; };
		9374E7AE6F7A171522D63826 /* libPods-GHGestureDraggingDemo.a in Frameworks */ = {isa = PBXBuildFile; fileRef = F7340B3AC6749CE4D531BAF7 /* libPods-GHGestureDraggingDemo.a */; };
		B88AC45BCBA9B219086C0ADA /* libPods-GHGestureDemo.a in Frameworks */ = {isa = PBXBuildFile; fileRef = 20DF6644C6ADE9B2495C2117 /* libPods-GHGestureDemo.a */; };
		D5F29C8C24FA8B1573E997ED /* libPods-GHGestureCameraModuleDemo.a in Frameworks */ = {isa = PBXBuildFile; fileRef = 7CD48F29B02F8070675F5538 /* libPods-GHGestureCameraModuleDemo.a */; };
		D62D9A8C2253079200B51E89 /* README.md in Resources */ = {isa = PBXBuildFile; fileRef = D62D9A8B2253079200B51E89 /* README.md */; };
		D62D9A9022530A2800B51E89 /* GHAdjustFocal.m in Sources */ = {isa = PBXBuildFile; fileRef = D62D9A8F22530A2800B51E89 /* GHAdjustFocal.m */; };
		D62D9A9422537B9300B51E89 /* GHPrivacyAuthTool.m in Sources */ = {isa = PBXBuildFile; fileRef = D62D9A9322537B9200B51E89 /* GHPrivacyAuthTool.m */; };
		D62D9A96225387F100B51E89 /* Assets.xcassets in Resources */ = {isa = PBXBuildFile; fileRef = D62D9A95225387F100B51E89 /* Assets.xcassets */; };
		D62D9AAE2254655700B51E89 /* GHScanView.m in Sources */ = {isa = PBXBuildFile; fileRef = D62D9AAA2254655600B51E89 /* GHScanView.m */; };
		D62D9AAF2254655700B51E89 /* GHCameraModuleViewController.m in Sources */ = {isa = PBXBuildFile; fileRef = D62D9AAB2254655600B51E89 /* GHCameraModuleViewController.m */; };
		D62D9AB02254655700B51E89 /* GHCameraModuleView.m in Sources */ = {isa = PBXBuildFile; fileRef = D62D9AAC2254655600B51E89 /* GHCameraModuleView.m */; };
		D62D9AB12254655700B51E89 /* UIView+Extension.m in Sources */ = {isa = PBXBuildFile; fileRef = D62D9AAD2254655600B51E89 /* UIView+Extension.m */; };
		D62D9AB422547A1F00B51E89 /* GHViewController.m in Sources */ = {isa = PBXBuildFile; fileRef = D62D9AB322547A1F00B51E89 /* GHViewController.m */; };
		D62D9AB722547A8600B51E89 /* ViewController.m in Sources */ = {isa = PBXBuildFile; fileRef = D6A75CD32251A9430074D683 /* ViewController.m */; };
		D62D9AB822547A8600B51E89 /* UIView+Extension.m in Sources */ = {isa = PBXBuildFile; fileRef = D62D9AAD2254655600B51E89 /* UIView+Extension.m */; };
		D62D9AB922547A8600B51E89 /* GHViewController.m in Sources */ = {isa = PBXBuildFile; fileRef = D62D9AB322547A1F00B51E89 /* GHViewController.m */; };
		D62D9ABA22547A8600B51E89 /* GHPrivacyAuthTool.m in Sources */ = {isa = PBXBuildFile; fileRef = D62D9A9322537B9200B51E89 /* GHPrivacyAuthTool.m */; };
		D62D9ABB22547A8600B51E89 /* main.m in Sources */ = {isa = PBXBuildFile; fileRef = D6A75CDE2251A9450074D683 /* main.m */; };
		D62D9ABC22547A8600B51E89 /* GHCameraModuleView.m in Sources */ = {isa = PBXBuildFile; fileRef = D62D9AAC2254655600B51E89 /* GHCameraModuleView.m */; };
		D62D9ABD22547A8600B51E89 /* GHCameraModuleViewController.m in Sources */ = {isa = PBXBuildFile; fileRef = D62D9AAB2254655600B51E89 /* GHCameraModuleViewController.m */; };
		D62D9ABE22547A8600B51E89 /* GHAdjustFocal.m in Sources */ = {isa = PBXBuildFile; fileRef = D62D9A8F22530A2800B51E89 /* GHAdjustFocal.m */; };
		D62D9ABF22547A8600B51E89 /* AppDelegate.m in Sources */ = {isa = PBXBuildFile; fileRef = D6A75CD02251A9430074D683 /* AppDelegate.m */; };
		D62D9AC022547A8600B51E89 /* GHScanView.m in Sources */ = {isa = PBXBuildFile; fileRef = D62D9AAA2254655600B51E89 /* GHScanView.m */; };
		D62D9AC122547A8600B51E89 /* GHCameraModule.m in Sources */ = {isa = PBXBuildFile; fileRef = D6A75CEE2251BA950074D683 /* GHCameraModule.m */; };
		D62D9AC422547A8600B51E89 /* LaunchScreen.storyboard in Resources */ = {isa = PBXBuildFile; fileRef = D6A75CDA2251A9450074D683 /* LaunchScreen.storyboard */; };
		D62D9AC522547A8600B51E89 /* README.md in Resources */ = {isa = PBXBuildFile; fileRef = D62D9A8B2253079200B51E89 /* README.md */; };
		D62D9AC622547A8600B51E89 /* Assets.xcassets in Resources */ = {isa = PBXBuildFile; fileRef = D62D9A95225387F100B51E89 /* Assets.xcassets */; };
		D62D9ACF22547EED00B51E89 /* GHGestureCameraModuleDemo.plist in Resources */ = {isa = PBXBuildFile; fileRef = D62D9ACD22547EE900B51E89 /* GHGestureCameraModuleDemo.plist */; };
		D6A75CD12251A9430074D683 /* AppDelegate.m in Sources */ = {isa = PBXBuildFile; fileRef = D6A75CD02251A9430074D683 /* AppDelegate.m */; };
		D6A75CD42251A9430074D683 /* ViewController.m in Sources */ = {isa = PBXBuildFile; fileRef = D6A75CD32251A9430074D683 /* ViewController.m */; };
		D6A75CDC2251A9450074D683 /* LaunchScreen.storyboard in Resources */ = {isa = PBXBuildFile; fileRef = D6A75CDA2251A9450074D683 /* LaunchScreen.storyboard */; };
		D6A75CDF2251A9450074D683 /* main.m in Sources */ = {isa = PBXBuildFile; fileRef = D6A75CDE2251A9450074D683 /* main.m */; };
		D6A75CEF2251BA950074D683 /* GHCameraModule.m in Sources */ = {isa = PBXBuildFile; fileRef = D6A75CEE2251BA950074D683 /* GHCameraModule.m */; };
		D6B20493225562FF004849E5 /* GHTimerManager.m in Sources */ = {isa = PBXBuildFile; fileRef = D6B20490225562E1004849E5 /* GHTimerManager.m */; };
		D6B204AD2255C58C004849E5 /* GHTimerManager.m in Sources */ = {isa = PBXBuildFile; fileRef = D6B20490225562E1004849E5 /* GHTimerManager.m */; };
		D6B204B0225641C2004849E5 /* ViewController.m in Sources */ = {isa = PBXBuildFile; fileRef = D6A75CD32251A9430074D683 /* ViewController.m */; };
		D6B204B1225641C2004849E5 /* UIView+Extension.m in Sources */ = {isa = PBXBuildFile; fileRef = D62D9AAD2254655600B51E89 /* UIView+Extension.m */; };
		D6B204B2225641C2004849E5 /* GHTimerManager.m in Sources */ = {isa = PBXBuildFile; fileRef = D6B20490225562E1004849E5 /* GHTimerManager.m */; };
		D6B204B3225641C2004849E5 /* GHViewController.m in Sources */ = {isa = PBXBuildFile; fileRef = D62D9AB322547A1F00B51E89 /* GHViewController.m */; };
		D6B204B4225641C2004849E5 /* GHPrivacyAuthTool.m in Sources */ = {isa = PBXBuildFile; fileRef = D62D9A9322537B9200B51E89 /* GHPrivacyAuthTool.m */; };
		D6B204B5225641C2004849E5 /* main.m in Sources */ = {isa = PBXBuildFile; fileRef = D6A75CDE2251A9450074D683 /* main.m */; };
		D6B204B6225641C2004849E5 /* GHCameraModuleView.m in Sources */ = {isa = PBXBuildFile; fileRef = D62D9AAC2254655600B51E89 /* GHCameraModuleView.m */; };
		D6B204B7225641C2004849E5 /* GHCameraModuleViewController.m in Sources */ = {isa = PBXBuildFile; fileRef = D62D9AAB2254655600B51E89 /* GHCameraModuleViewController.m */; };
		D6B204B8225641C2004849E5 /* GHAdjustFocal.m in Sources */ = {isa = PBXBuildFile; fileRef = D62D9A8F22530A2800B51E89 /* GHAdjustFocal.m */; };
		D6B204B9225641C2004849E5 /* AppDelegate.m in Sources */ = {isa = PBXBuildFile; fileRef = D6A75CD02251A9430074D683 /* AppDelegate.m */; };
		D6B204BA225641C2004849E5 /* GHScanView.m in Sources */ = {isa = PBXBuildFile; fileRef = D62D9AAA2254655600B51E89 /* GHScanView.m */; };
		D6B204BB225641C2004849E5 /* GHCameraModule.m in Sources */ = {isa = PBXBuildFile; fileRef = D6A75CEE2251BA950074D683 /* GHCameraModule.m */; };
		D6B204BE225641C2004849E5 /* LaunchScreen.storyboard in Resources */ = {isa = PBXBuildFile; fileRef = D6A75CDA2251A9450074D683 /* LaunchScreen.storyboard */; };
		D6B204BF225641C2004849E5 /* README.md in Resources */ = {isa = PBXBuildFile; fileRef = D62D9A8B2253079200B51E89 /* README.md */; };
		D6B204C0225641C2004849E5 /* Assets.xcassets in Resources */ = {isa = PBXBuildFile; fileRef = D62D9A95225387F100B51E89 /* Assets.xcassets */; };
		D6B204C1225641C2004849E5 /* GHGestureCameraModuleDemo.plist in Resources */ = {isa = PBXBuildFile; fileRef = D62D9ACD22547EE900B51E89 /* GHGestureCameraModuleDemo.plist */; };
		D6B204CC22564300004849E5 /* GHGestureDraggingDemo.plist in Resources */ = {isa = PBXBuildFile; fileRef = D6B204CB22564300004849E5 /* GHGestureDraggingDemo.plist */; };
		D6B204E3225ADDA8004849E5 /* ViewController.m in Sources */ = {isa = PBXBuildFile; fileRef = D6A75CD32251A9430074D683 /* ViewController.m */; };
		D6B204E6225ADDA8004849E5 /* UIView+Extension.m in Sources */ = {isa = PBXBuildFile; fileRef = D62D9AAD2254655600B51E89 /* UIView+Extension.m */; };
		D6B204E7225ADDA8004849E5 /* GHTimerManager.m in Sources */ = {isa = PBXBuildFile; fileRef = D6B20490225562E1004849E5 /* GHTimerManager.m */; };
		D6B204E8225ADDA8004849E5 /* GHViewController.m in Sources */ = {isa = PBXBuildFile; fileRef = D62D9AB322547A1F00B51E89 /* GHViewController.m */; };
		D6B204E9225ADDA8004849E5 /* GHPrivacyAuthTool.m in Sources */ = {isa = PBXBuildFile; fileRef = D62D9A9322537B9200B51E89 /* GHPrivacyAuthTool.m */; };
		D6B204EA225ADDA8004849E5 /* main.m in Sources */ = {isa = PBXBuildFile; fileRef = D6A75CDE2251A9450074D683 /* main.m */; };
		D6B204EB225ADDA8004849E5 /* GHCameraModuleView.m in Sources */ = {isa = PBXBuildFile; fileRef = D62D9AAC2254655600B51E89 /* GHCameraModuleView.m */; };
		D6B204EC225ADDA8004849E5 /* GHCameraModuleViewController.m in Sources */ = {isa = PBXBuildFile; fileRef = D62D9AAB2254655600B51E89 /* GHCameraModuleViewController.m */; };
		D6B204ED225ADDA8004849E5 /* GHAdjustFocal.m in Sources */ = {isa = PBXBuildFile; fileRef = D62D9A8F22530A2800B51E89 /* GHAdjustFocal.m */; };
		D6B204EE225ADDA8004849E5 /* AppDelegate.m in Sources */ = {isa = PBXBuildFile; fileRef = D6A75CD02251A9430074D683 /* AppDelegate.m */; };
		D6B204F0225ADDA8004849E5 /* GHScanView.m in Sources */ = {isa = PBXBuildFile; fileRef = D62D9AAA2254655600B51E89 /* GHScanView.m */; };
		D6B204F1225ADDA8004849E5 /* GHCameraModule.m in Sources */ = {isa = PBXBuildFile; fileRef = D6A75CEE2251BA950074D683 /* GHCameraModule.m */; };
		D6B204F5225ADDA8004849E5 /* LaunchScreen.storyboard in Resources */ = {isa = PBXBuildFile; fileRef = D6A75CDA2251A9450074D683 /* LaunchScreen.storyboard */; };
		D6B204F6225ADDA8004849E5 /* GHGestureDraggingDemo.plist in Resources */ = {isa = PBXBuildFile; fileRef = D6B204CB22564300004849E5 /* GHGestureDraggingDemo.plist */; };
		D6B204F7225ADDA8004849E5 /* README.md in Resources */ = {isa = PBXBuildFile; fileRef = D62D9A8B2253079200B51E89 /* README.md */; };
		D6B204F8225ADDA8004849E5 /* Assets.xcassets in Resources */ = {isa = PBXBuildFile; fileRef = D62D9A95225387F100B51E89 /* Assets.xcassets */; };
		D6B204F9225ADDA8004849E5 /* GHGestureCameraModuleDemo.plist in Resources */ = {isa = PBXBuildFile; fileRef = D62D9ACD22547EE900B51E89 /* GHGestureCameraModuleDemo.plist */; };
		D6B20501225ADE41004849E5 /* GHGestureCropImageDemo.plist in Resources */ = {isa = PBXBuildFile; fileRef = D6B20500225ADE41004849E5 /* GHGestureCropImageDemo.plist */; };
		D6B20515225B0CDE004849E5 /* GHGestureCropImagViewController.m in Sources */ = {isa = PBXBuildFile; fileRef = D6B2050F225B0CDE004849E5 /* GHGestureCropImagViewController.m */; };
		D6B2051E225B11A4004849E5 /* ZZCutCircle.m in Sources */ = {isa = PBXBuildFile; fileRef = D6B20518225B11A4004849E5 /* ZZCutCircle.m */; };
		D6B2051F225B11A4004849E5 /* ZZCutGridLayer.m in Sources */ = {isa = PBXBuildFile; fileRef = D6B2051B225B11A4004849E5 /* ZZCutGridLayer.m */; };
		D6B20520225B11A4004849E5 /* ZZImageEditTool.m in Sources */ = {isa = PBXBuildFile; fileRef = D6B2051D225B11A4004849E5 /* ZZImageEditTool.m */; };
		D6B20527225B2A0C004849E5 /* TKImageView.m in Sources */ = {isa = PBXBuildFile; fileRef = D6B20525225B2A0C004849E5 /* TKImageView.m */; };
		D6B20555225B49A4004849E5 /* GHGestureDraggingViewController.m in Sources */ = {isa = PBXBuildFile; fileRef = D6B2054C225B49A4004849E5 /* GHGestureDraggingViewController.m */; };
		D6B20556225B49A4004849E5 /* GHGestureDraggingHeader.m in Sources */ = {isa = PBXBuildFile; fileRef = D6B2054F225B49A4004849E5 /* GHGestureDraggingHeader.m */; };
		D6B20557225B49A4004849E5 /* GHGestureDraggingCell.m in Sources */ = {isa = PBXBuildFile; fileRef = D6B20553225B49A4004849E5 /* GHGestureDraggingCell.m */; };
		D6B20558225B49A4004849E5 /* GHGestureDraggingView.m in Sources */ = {isa = PBXBuildFile; fileRef = D6B20554225B49A4004849E5 /* GHGestureDraggingView.m */; };
/* End PBXBuildFile section */

/* Begin PBXFileReference section */
		16E104218E84444D45567567 /* Pods-GHGestureCameraModuleDemo.release.xcconfig */ = {isa = PBXFileReference; includeInIndex = 1; lastKnownFileType = text.xcconfig; name = "Pods-GHGestureCameraModuleDemo.release.xcconfig"; path = "Pods/Target Support Files/Pods-GHGestureCameraModuleDemo/Pods-GHGestureCameraModuleDemo.release.xcconfig"; sourceTree = "<group>"; };
		20DF6644C6ADE9B2495C2117 /* libPods-GHGestureDemo.a */ = {isa = PBXFileReference; explicitFileType = archive.ar; includeInIndex = 0; path = "libPods-GHGestureDemo.a"; sourceTree = BUILT_PRODUCTS_DIR; };
		45E1DB76F0F059097A618106 /* Pods-GHGestureDemo.debug.xcconfig */ = {isa = PBXFileReference; includeInIndex = 1; lastKnownFileType = text.xcconfig; name = "Pods-GHGestureDemo.debug.xcconfig"; path = "Pods/Target Support Files/Pods-GHGestureDemo/Pods-GHGestureDemo.debug.xcconfig"; sourceTree = "<group>"; };
		5336AB7AA506592D1C5EB6CE /* Pods-GHGestureCropImageDemo.release.xcconfig */ = {isa = PBXFileReference; includeInIndex = 1; lastKnownFileType = text.xcconfig; name = "Pods-GHGestureCropImageDemo.release.xcconfig"; path = "Pods/Target Support Files/Pods-GHGestureCropImageDemo/Pods-GHGestureCropImageDemo.release.xcconfig"; sourceTree = "<group>"; };
		7133944D52E4651CD4D6F935 /* Pods-GHGestureDraggingDemo.debug.xcconfig */ = {isa = PBXFileReference; includeInIndex = 1; lastKnownFileType = text.xcconfig; name = "Pods-GHGestureDraggingDemo.debug.xcconfig"; path = "Pods/Target Support Files/Pods-GHGestureDraggingDemo/Pods-GHGestureDraggingDemo.debug.xcconfig"; sourceTree = "<group>"; };
		7CD48F29B02F8070675F5538 /* libPods-GHGestureCameraModuleDemo.a */ = {isa = PBXFileReference; explicitFileType = archive.ar; includeInIndex = 0; path = "libPods-GHGestureCameraModuleDemo.a"; sourceTree = BUILT_PRODUCTS_DIR; };
		7E3C26510AFED5A3378DE2A9 /* libPods-GHGestureCropImageDemo.a */ = {isa = PBXFileReference; explicitFileType = archive.ar; includeInIndex = 0; path = "libPods-GHGestureCropImageDemo.a"; sourceTree = BUILT_PRODUCTS_DIR; };
		C490937CD42CE058FF7B0191 /* Pods-GHGestureCameraModuleDemo.debug.xcconfig */ = {isa = PBXFileReference; includeInIndex = 1; lastKnownFileType = text.xcconfig; name = "Pods-GHGestureCameraModuleDemo.debug.xcconfig"; path = "Pods/Target Support Files/Pods-GHGestureCameraModuleDemo/Pods-GHGestureCameraModuleDemo.debug.xcconfig"; sourceTree = "<group>"; };
		D62D9A8B2253079200B51E89 /* README.md */ = {isa = PBXFileReference; fileEncoding = 4; lastKnownFileType = net.daringfireball.markdown; path = README.md; sourceTree = SOURCE_ROOT; };
		D62D9A8E22530A2800B51E89 /* GHAdjustFocal.h */ = {isa = PBXFileReference; lastKnownFileType = sourcecode.c.h; path = GHAdjustFocal.h; sourceTree = "<group>"; };
		D62D9A8F22530A2800B51E89 /* GHAdjustFocal.m */ = {isa = PBXFileReference; lastKnownFileType = sourcecode.c.objc; path = GHAdjustFocal.m; sourceTree = "<group>"; };
		D62D9A9222537B9200B51E89 /* GHPrivacyAuthTool.h */ = {isa = PBXFileReference; fileEncoding = 4; lastKnownFileType = sourcecode.c.h; path = GHPrivacyAuthTool.h; sourceTree = "<group>"; };
		D62D9A9322537B9200B51E89 /* GHPrivacyAuthTool.m */ = {isa = PBXFileReference; fileEncoding = 4; lastKnownFileType = sourcecode.c.objc; path = GHPrivacyAuthTool.m; sourceTree = "<group>"; };
		D62D9A95225387F100B51E89 /* Assets.xcassets */ = {isa = PBXFileReference; lastKnownFileType = folder.assetcatalog; path = Assets.xcassets; sourceTree = "<group>"; };
		D62D9AA52254655600B51E89 /* GHCameraModuleHeader.h */ = {isa = PBXFileReference; fileEncoding = 4; lastKnownFileType = sourcecode.c.h; path = GHCameraModuleHeader.h; sourceTree = "<group>"; };
		D62D9AA62254655600B51E89 /* GHScanView.h */ = {isa = PBXFileReference; fileEncoding = 4; lastKnownFileType = sourcecode.c.h; path = GHScanView.h; sourceTree = "<group>"; };
		D62D9AA72254655600B51E89 /* GHCameraModuleViewController.h */ = {isa = PBXFileReference; fileEncoding = 4; lastKnownFileType = sourcecode.c.h; path = GHCameraModuleViewController.h; sourceTree = "<group>"; };
		D62D9AA82254655600B51E89 /* UIView+Extension.h */ = {isa = PBXFileReference; fileEncoding = 4; lastKnownFileType = sourcecode.c.h; path = "UIView+Extension.h"; sourceTree = "<group>"; };
		D62D9AA92254655600B51E89 /* GHCameraModuleView.h */ = {isa = PBXFileReference; fileEncoding = 4; lastKnownFileType = sourcecode.c.h; path = GHCameraModuleView.h; sourceTree = "<group>"; };
		D62D9AAA2254655600B51E89 /* GHScanView.m */ = {isa = PBXFileReference; fileEncoding = 4; lastKnownFileType = sourcecode.c.objc; path = GHScanView.m; sourceTree = "<group>"; };
		D62D9AAB2254655600B51E89 /* GHCameraModuleViewController.m */ = {isa = PBXFileReference; fileEncoding = 4; lastKnownFileType = sourcecode.c.objc; path = GHCameraModuleViewController.m; sourceTree = "<group>"; };
		D62D9AAC2254655600B51E89 /* GHCameraModuleView.m */ = {isa = PBXFileReference; fileEncoding = 4; lastKnownFileType = sourcecode.c.objc; path = GHCameraModuleView.m; sourceTree = "<group>"; };
		D62D9AAD2254655600B51E89 /* UIView+Extension.m */ = {isa = PBXFileReference; fileEncoding = 4; lastKnownFileType = sourcecode.c.objc; path = "UIView+Extension.m"; sourceTree = "<group>"; };
		D62D9AB222547A1F00B51E89 /* GHViewController.h */ = {isa = PBXFileReference; lastKnownFileType = sourcecode.c.h; path = GHViewController.h; sourceTree = "<group>"; };
		D62D9AB322547A1F00B51E89 /* GHViewController.m */ = {isa = PBXFileReference; lastKnownFileType = sourcecode.c.objc; path = GHViewController.m; sourceTree = "<group>"; };
		D62D9ACB22547A8600B51E89 /* GHGestureCameraModuleDemo.app */ = {isa = PBXFileReference; explicitFileType = wrapper.application; includeInIndex = 0; path = GHGestureCameraModuleDemo.app; sourceTree = BUILT_PRODUCTS_DIR; };
		D62D9ACD22547EE900B51E89 /* GHGestureCameraModuleDemo.plist */ = {isa = PBXFileReference; fileEncoding = 4; lastKnownFileType = text.plist.xml; path = GHGestureCameraModuleDemo.plist; sourceTree = "<group>"; };
		D6A75CCC2251A9430074D683 /* GHGestureDemo.app */ = {isa = PBXFileReference; explicitFileType = wrapper.application; includeInIndex = 0; path = GHGestureDemo.app; sourceTree = BUILT_PRODUCTS_DIR; };
		D6A75CCF2251A9430074D683 /* AppDelegate.h */ = {isa = PBXFileReference; lastKnownFileType = sourcecode.c.h; path = AppDelegate.h; sourceTree = "<group>"; };
		D6A75CD02251A9430074D683 /* AppDelegate.m */ = {isa = PBXFileReference; lastKnownFileType = sourcecode.c.objc; path = AppDelegate.m; sourceTree = "<group>"; };
		D6A75CD22251A9430074D683 /* ViewController.h */ = {isa = PBXFileReference; lastKnownFileType = sourcecode.c.h; path = ViewController.h; sourceTree = "<group>"; };
		D6A75CD32251A9430074D683 /* ViewController.m */ = {isa = PBXFileReference; lastKnownFileType = sourcecode.c.objc; path = ViewController.m; sourceTree = "<group>"; };
		D6A75CDB2251A9450074D683 /* Base */ = {isa = PBXFileReference; lastKnownFileType = file.storyboard; name = Base; path = Base.lproj/LaunchScreen.storyboard; sourceTree = "<group>"; };
		D6A75CDD2251A9450074D683 /* Info.plist */ = {isa = PBXFileReference; lastKnownFileType = text.plist.xml; path = Info.plist; sourceTree = "<group>"; };
		D6A75CDE2251A9450074D683 /* main.m */ = {isa = PBXFileReference; lastKnownFileType = sourcecode.c.objc; path = main.m; sourceTree = "<group>"; };
		D6A75CED2251BA950074D683 /* GHCameraModule.h */ = {isa = PBXFileReference; fileEncoding = 4; lastKnownFileType = sourcecode.c.h; path = GHCameraModule.h; sourceTree = "<group>"; };
		D6A75CEE2251BA950074D683 /* GHCameraModule.m */ = {isa = PBXFileReference; fileEncoding = 4; lastKnownFileType = sourcecode.c.objc; path = GHCameraModule.m; sourceTree = "<group>"; };
		D6B2048F225562E1004849E5 /* GHTimerManager.h */ = {isa = PBXFileReference; fileEncoding = 4; lastKnownFileType = sourcecode.c.h; path = GHTimerManager.h; sourceTree = "<group>"; };
		D6B20490225562E1004849E5 /* GHTimerManager.m */ = {isa = PBXFileReference; fileEncoding = 4; lastKnownFileType = sourcecode.c.objc; path = GHTimerManager.m; sourceTree = "<group>"; };
		D6B204C5225641C2004849E5 /* GHGestureDraggingDemo.app */ = {isa = PBXFileReference; explicitFileType = wrapper.application; includeInIndex = 0; path = GHGestureDraggingDemo.app; sourceTree = BUILT_PRODUCTS_DIR; };
		D6B204CB22564300004849E5 /* GHGestureDraggingDemo.plist */ = {isa = PBXFileReference; fileEncoding = 4; lastKnownFileType = text.plist.xml; path = GHGestureDraggingDemo.plist; sourceTree = "<group>"; };
		D6B204CE225644AE004849E5 /* PrefixHeader.pch */ = {isa = PBXFileReference; lastKnownFileType = sourcecode.c.h; path = PrefixHeader.pch; sourceTree = "<group>"; };
		D6B204FE225ADDA8004849E5 /* GHGestureCropImageDemo.app */ = {isa = PBXFileReference; explicitFileType = wrapper.application; includeInIndex = 0; path = GHGestureCropImageDemo.app; sourceTree = BUILT_PRODUCTS_DIR; };
		D6B20500225ADE41004849E5 /* GHGestureCropImageDemo.plist */ = {isa = PBXFileReference; fileEncoding = 4; lastKnownFileType = text.plist.xml; path = GHGestureCropImageDemo.plist; sourceTree = "<group>"; };
		D6B2050F225B0CDE004849E5 /* GHGestureCropImagViewController.m */ = {isa = PBXFileReference; fileEncoding = 4; lastKnownFileType = sourcecode.c.objc; path = GHGestureCropImagViewController.m; sourceTree = "<group>"; };
		D6B20510225B0CDE004849E5 /* GHGestureCropImagViewController.h */ = {isa = PBXFileReference; fileEncoding = 4; lastKnownFileType = sourcecode.c.h; path = GHGestureCropImagViewController.h; sourceTree = "<group>"; };
		D6B20518225B11A4004849E5 /* ZZCutCircle.m */ = {isa = PBXFileReference; fileEncoding = 4; lastKnownFileType = sourcecode.c.objc; path = ZZCutCircle.m; sourceTree = "<group>"; };
		D6B20519225B11A4004849E5 /* ZZCutGridLayer.h */ = {isa = PBXFileReference; fileEncoding = 4; lastKnownFileType = sourcecode.c.h; path = ZZCutGridLayer.h; sourceTree = "<group>"; };
		D6B2051A225B11A4004849E5 /* ZZImageEditTool.h */ = {isa = PBXFileReference; fileEncoding = 4; lastKnownFileType = sourcecode.c.h; path = ZZImageEditTool.h; sourceTree = "<group>"; };
		D6B2051B225B11A4004849E5 /* ZZCutGridLayer.m */ = {isa = PBXFileReference; fileEncoding = 4; lastKnownFileType = sourcecode.c.objc; path = ZZCutGridLayer.m; sourceTree = "<group>"; };
		D6B2051C225B11A4004849E5 /* ZZCutCircle.h */ = {isa = PBXFileReference; fileEncoding = 4; lastKnownFileType = sourcecode.c.h; path = ZZCutCircle.h; sourceTree = "<group>"; };
		D6B2051D225B11A4004849E5 /* ZZImageEditTool.m */ = {isa = PBXFileReference; fileEncoding = 4; lastKnownFileType = sourcecode.c.objc; path = ZZImageEditTool.m; sourceTree = "<group>"; };
		D6B20523225B2A0C004849E5 /* TKImageView.h */ = {isa = PBXFileReference; fileEncoding = 4; lastKnownFileType = sourcecode.c.h; path = TKImageView.h; sourceTree = "<group>"; };
		D6B20525225B2A0C004849E5 /* TKImageView.m */ = {isa = PBXFileReference; fileEncoding = 4; lastKnownFileType = sourcecode.c.objc; path = TKImageView.m; sourceTree = "<group>"; };
		D6B2054C225B49A4004849E5 /* GHGestureDraggingViewController.m */ = {isa = PBXFileReference; fileEncoding = 4; lastKnownFileType = sourcecode.c.objc; path = GHGestureDraggingViewController.m; sourceTree = "<group>"; };
		D6B2054D225B49A4004849E5 /* GHGestureDraggingViewController.h */ = {isa = PBXFileReference; fileEncoding = 4; lastKnownFileType = sourcecode.c.h; path = GHGestureDraggingViewController.h; sourceTree = "<group>"; };
		D6B2054F225B49A4004849E5 /* GHGestureDraggingHeader.m */ = {isa = PBXFileReference; fileEncoding = 4; lastKnownFileType = sourcecode.c.objc; path = GHGestureDraggingHeader.m; sourceTree = "<group>"; };
		D6B20550225B49A4004849E5 /* GHGestureDraggingCell.h */ = {isa = PBXFileReference; fileEncoding = 4; lastKnownFileType = sourcecode.c.h; path = GHGestureDraggingCell.h; sourceTree = "<group>"; };
		D6B20551225B49A4004849E5 /* GHGestureDraggingView.h */ = {isa = PBXFileReference; fileEncoding = 4; lastKnownFileType = sourcecode.c.h; path = GHGestureDraggingView.h; sourceTree = "<group>"; };
		D6B20552225B49A4004849E5 /* GHGestureDraggingHeader.h */ = {isa = PBXFileReference; fileEncoding = 4; lastKnownFileType = sourcecode.c.h; path = GHGestureDraggingHeader.h; sourceTree = "<group>"; };
		D6B20553225B49A4004849E5 /* GHGestureDraggingCell.m */ = {isa = PBXFileReference; fileEncoding = 4; lastKnownFileType = sourcecode.c.objc; path = GHGestureDraggingCell.m; sourceTree = "<group>"; };
		D6B20554225B49A4004849E5 /* GHGestureDraggingView.m */ = {isa = PBXFileReference; fileEncoding = 4; lastKnownFileType = sourcecode.c.objc; path = GHGestureDraggingView.m; sourceTree = "<group>"; };
		EB932B34794DF789714BB870 /* Pods-GHGestureDemo.release.xcconfig */ = {isa = PBXFileReference; includeInIndex = 1; lastKnownFileType = text.xcconfig; name = "Pods-GHGestureDemo.release.xcconfig"; path = "Pods/Target Support Files/Pods-GHGestureDemo/Pods-GHGestureDemo.release.xcconfig"; sourceTree = "<group>"; };
		ED715A5D0275C7DAE5AEACD2 /* Pods-GHGestureDraggingDemo.release.xcconfig */ = {isa = PBXFileReference; includeInIndex = 1; lastKnownFileType = text.xcconfig; name = "Pods-GHGestureDraggingDemo.release.xcconfig"; path = "Pods/Target Support Files/Pods-GHGestureDraggingDemo/Pods-GHGestureDraggingDemo.release.xcconfig"; sourceTree = "<group>"; };
		F7340B3AC6749CE4D531BAF7 /* libPods-GHGestureDraggingDemo.a */ = {isa = PBXFileReference; explicitFileType = archive.ar; includeInIndex = 0; path = "libPods-GHGestureDraggingDemo.a"; sourceTree = BUILT_PRODUCTS_DIR; };
		FE1026400F1E5E99D25C1A70 /* Pods-GHGestureCropImageDemo.debug.xcconfig */ = {isa = PBXFileReference; includeInIndex = 1; lastKnownFileType = text.xcconfig; name = "Pods-GHGestureCropImageDemo.debug.xcconfig"; path = "Pods/Target Support Files/Pods-GHGestureCropImageDemo/Pods-GHGestureCropImageDemo.debug.xcconfig"; sourceTree = "<group>"; };
/* End PBXFileReference section */

/* Begin PBXFrameworksBuildPhase section */
		D62D9AC222547A8600B51E89 /* Frameworks */ = {
			isa = PBXFrameworksBuildPhase;
			buildActionMask = 2147483647;
			files = (
				D5F29C8C24FA8B1573E997ED /* libPods-GHGestureCameraModuleDemo.a in Frameworks */,
			);
			runOnlyForDeploymentPostprocessing = 0;
		};
		D6A75CC92251A9430074D683 /* Frameworks */ = {
			isa = PBXFrameworksBuildPhase;
			buildActionMask = 2147483647;
			files = (
				B88AC45BCBA9B219086C0ADA /* libPods-GHGestureDemo.a in Frameworks */,
			);
			runOnlyForDeploymentPostprocessing = 0;
		};
		D6B204BC225641C2004849E5 /* Frameworks */ = {
			isa = PBXFrameworksBuildPhase;
			buildActionMask = 2147483647;
			files = (
				05A01CEE1A74B0497585EC2F /* libPods-GHGestureDraggingDemo.a in Frameworks */,
				9374E7AE6F7A171522D63826 /* libPods-GHGestureDraggingDemo.a in Frameworks */,
			);
			runOnlyForDeploymentPostprocessing = 0;
		};
		D6B204F2225ADDA8004849E5 /* Frameworks */ = {
			isa = PBXFrameworksBuildPhase;
			buildActionMask = 2147483647;
			files = (
				715E0F637F5BDEE6E6ED3EE3 /* libPods-GHGestureCropImageDemo.a in Frameworks */,
			);
			runOnlyForDeploymentPostprocessing = 0;
		};
/* End PBXFrameworksBuildPhase section */

/* Begin PBXGroup section */
		A6F301447AB07BDF4D53A9B9 /* Pods */ = {
			isa = PBXGroup;
			children = (
				C490937CD42CE058FF7B0191 /* Pods-GHGestureCameraModuleDemo.debug.xcconfig */,
				16E104218E84444D45567567 /* Pods-GHGestureCameraModuleDemo.release.xcconfig */,
				45E1DB76F0F059097A618106 /* Pods-GHGestureDemo.debug.xcconfig */,
				EB932B34794DF789714BB870 /* Pods-GHGestureDemo.release.xcconfig */,
				7133944D52E4651CD4D6F935 /* Pods-GHGestureDraggingDemo.debug.xcconfig */,
				ED715A5D0275C7DAE5AEACD2 /* Pods-GHGestureDraggingDemo.release.xcconfig */,
				FE1026400F1E5E99D25C1A70 /* Pods-GHGestureCropImageDemo.debug.xcconfig */,
				5336AB7AA506592D1C5EB6CE /* Pods-GHGestureCropImageDemo.release.xcconfig */,
			);
			name = Pods;
			sourceTree = "<group>";
		};
		D4B21169B2C85E58A17B1916 /* Frameworks */ = {
			isa = PBXGroup;
			children = (
				7CD48F29B02F8070675F5538 /* libPods-GHGestureCameraModuleDemo.a */,
				20DF6644C6ADE9B2495C2117 /* libPods-GHGestureDemo.a */,
				F7340B3AC6749CE4D531BAF7 /* libPods-GHGestureDraggingDemo.a */,
				7E3C26510AFED5A3378DE2A9 /* libPods-GHGestureCropImageDemo.a */,
			);
			name = Frameworks;
			sourceTree = "<group>";
		};
		D62D9A8D225309D300B51E89 /* GHAdjustFocal */ = {
			isa = PBXGroup;
			children = (
				D62D9A8E22530A2800B51E89 /* GHAdjustFocal.h */,
				D62D9A8F22530A2800B51E89 /* GHAdjustFocal.m */,
			);
			path = GHAdjustFocal;
			sourceTree = "<group>";
		};
		D62D9A9122537B9200B51E89 /* GHPrivacyAuthTool */ = {
			isa = PBXGroup;
			children = (
				D62D9A9222537B9200B51E89 /* GHPrivacyAuthTool.h */,
				D62D9A9322537B9200B51E89 /* GHPrivacyAuthTool.m */,
			);
			path = GHPrivacyAuthTool;
			sourceTree = "<group>";
		};
		D62D9AA42254655600B51E89 /* GHCustom */ = {
			isa = PBXGroup;
			children = (
				D62D9AA52254655600B51E89 /* GHCameraModuleHeader.h */,
				D62D9AA92254655600B51E89 /* GHCameraModuleView.h */,
				D62D9AAC2254655600B51E89 /* GHCameraModuleView.m */,
				D62D9AA62254655600B51E89 /* GHScanView.h */,
				D62D9AAA2254655600B51E89 /* GHScanView.m */,
				D62D9AA72254655600B51E89 /* GHCameraModuleViewController.h */,
				D62D9AAB2254655600B51E89 /* GHCameraModuleViewController.m */,
				D62D9AAD2254655600B51E89 /* UIView+Extension.m */,
				D62D9AA82254655600B51E89 /* UIView+Extension.h */,
			);
			path = GHCustom;
			sourceTree = "<group>";
		};
		D6A75CC32251A9430074D683 = {
			isa = PBXGroup;
			children = (
				D6B2054A225B49A4004849E5 /* GHGestureDraggingDemo */,
				D6B20502225ADE99004849E5 /* GHGestureCropImageDemo */,
				D6B2048E225562E1004849E5 /* GHTimerManager */,
				D62D9AA42254655600B51E89 /* GHCustom */,
				D62D9A9122537B9200B51E89 /* GHPrivacyAuthTool */,
				D62D9A8D225309D300B51E89 /* GHAdjustFocal */,
				D6A75CEC2251BA950074D683 /* GHCameraModule */,
				D6A75CCE2251A9430074D683 /* GHGestureDemo */,
				D6A75CCD2251A9430074D683 /* Products */,
				A6F301447AB07BDF4D53A9B9 /* Pods */,
				D4B21169B2C85E58A17B1916 /* Frameworks */,
			);
			sourceTree = "<group>";
		};
		D6A75CCD2251A9430074D683 /* Products */ = {
			isa = PBXGroup;
			children = (
				D6A75CCC2251A9430074D683 /* GHGestureDemo.app */,
				D62D9ACB22547A8600B51E89 /* GHGestureCameraModuleDemo.app */,
				D6B204C5225641C2004849E5 /* GHGestureDraggingDemo.app */,
				D6B204FE225ADDA8004849E5 /* GHGestureCropImageDemo.app */,
			);
			name = Products;
			sourceTree = "<group>";
		};
		D6A75CCE2251A9430074D683 /* GHGestureDemo */ = {
			isa = PBXGroup;
			children = (
				D62D9A8B2253079200B51E89 /* README.md */,
				D6A75CCF2251A9430074D683 /* AppDelegate.h */,
				D6A75CD02251A9430074D683 /* AppDelegate.m */,
				D6A75CD22251A9430074D683 /* ViewController.h */,
				D6A75CD32251A9430074D683 /* ViewController.m */,
				D62D9AB222547A1F00B51E89 /* GHViewController.h */,
				D62D9AB322547A1F00B51E89 /* GHViewController.m */,
				D6B204CD2256449E004849E5 /* Other */,
				D62D9A95225387F100B51E89 /* Assets.xcassets */,
				D6A75CDA2251A9450074D683 /* LaunchScreen.storyboard */,
				D6A75CDD2251A9450074D683 /* Info.plist */,
				D6B20500225ADE41004849E5 /* GHGestureCropImageDemo.plist */,
				D6B204CB22564300004849E5 /* GHGestureDraggingDemo.plist */,
				D62D9ACD22547EE900B51E89 /* GHGestureCameraModuleDemo.plist */,
				D6A75CDE2251A9450074D683 /* main.m */,
			);
			path = GHGestureDemo;
			sourceTree = "<group>";
		};
		D6A75CEC2251BA950074D683 /* GHCameraModule */ = {
			isa = PBXGroup;
			children = (
				D6A75CED2251BA950074D683 /* GHCameraModule.h */,
				D6A75CEE2251BA950074D683 /* GHCameraModule.m */,
			);
			path = GHCameraModule;
			sourceTree = "<group>";
		};
		D6B2048E225562E1004849E5 /* GHTimerManager */ = {
			isa = PBXGroup;
			children = (
				D6B2048F225562E1004849E5 /* GHTimerManager.h */,
				D6B20490225562E1004849E5 /* GHTimerManager.m */,
			);
			path = GHTimerManager;
			sourceTree = "<group>";
		};
		D6B204CD2256449E004849E5 /* Other */ = {
			isa = PBXGroup;
			children = (
				D6B204CE225644AE004849E5 /* PrefixHeader.pch */,
			);
			path = Other;
			sourceTree = "<group>";
		};
		D6B20502225ADE99004849E5 /* GHGestureCropImageDemo */ = {
			isa = PBXGroup;
			children = (
				D6B20521225B2A0C004849E5 /* CropImage */,
				D6B20517225B11A4004849E5 /* 图片裁剪 */,
				D6B2050E225B0CDE004849E5 /* Controller */,
			);
			path = GHGestureCropImageDemo;
			sourceTree = "<group>";
		};
		D6B2050E225B0CDE004849E5 /* Controller */ = {
			isa = PBXGroup;
			children = (
				D6B20510225B0CDE004849E5 /* GHGestureCropImagViewController.h */,
				D6B2050F225B0CDE004849E5 /* GHGestureCropImagViewController.m */,
			);
			path = Controller;
			sourceTree = "<group>";
		};
		D6B20517225B11A4004849E5 /* 图片裁剪 */ = {
			isa = PBXGroup;
			children = (
				D6B20519225B11A4004849E5 /* ZZCutGridLayer.h */,
				D6B2051B225B11A4004849E5 /* ZZCutGridLayer.m */,
				D6B2051C225B11A4004849E5 /* ZZCutCircle.h */,
				D6B20518225B11A4004849E5 /* ZZCutCircle.m */,
				D6B2051A225B11A4004849E5 /* ZZImageEditTool.h */,
				D6B2051D225B11A4004849E5 /* ZZImageEditTool.m */,
			);
			path = "图片裁剪";
			sourceTree = "<group>";
		};
		D6B20521225B2A0C004849E5 /* CropImage */ = {
			isa = PBXGroup;
			children = (
				D6B20523225B2A0C004849E5 /* TKImageView.h */,
				D6B20525225B2A0C004849E5 /* TKImageView.m */,
			);
			path = CropImage;
			sourceTree = "<group>";
		};
		D6B2054A225B49A4004849E5 /* GHGestureDraggingDemo */ = {
			isa = PBXGroup;
			children = (
				D6B2054B225B49A4004849E5 /* Controller */,
				D6B2054E225B49A4004849E5 /* View */,
			);
			path = GHGestureDraggingDemo;
			sourceTree = "<group>";
		};
		D6B2054B225B49A4004849E5 /* Controller */ = {
			isa = PBXGroup;
			children = (
				D6B2054D225B49A4004849E5 /* GHGestureDraggingViewController.h */,
				D6B2054C225B49A4004849E5 /* GHGestureDraggingViewController.m */,
			);
			path = Controller;
			sourceTree = "<group>";
		};
		D6B2054E225B49A4004849E5 /* View */ = {
			isa = PBXGroup;
			children = (
				D6B20550225B49A4004849E5 /* GHGestureDraggingCell.h */,
				D6B20551225B49A4004849E5 /* GHGestureDraggingView.h */,
				D6B20552225B49A4004849E5 /* GHGestureDraggingHeader.h */,
				D6B2054F225B49A4004849E5 /* GHGestureDraggingHeader.m */,
				D6B20553225B49A4004849E5 /* GHGestureDraggingCell.m */,
				D6B20554225B49A4004849E5 /* GHGestureDraggingView.m */,
			);
			path = View;
			sourceTree = "<group>";
		};
/* End PBXGroup section */

/* Begin PBXNativeTarget section */
		D62D9AB522547A8600B51E89 /* GHGestureCameraModuleDemo */ = {
			isa = PBXNativeTarget;
			buildConfigurationList = D62D9AC822547A8600B51E89 /* Build configuration list for PBXNativeTarget "GHGestureCameraModuleDemo" */;
			buildPhases = (
				A9E9E0A7DCED674DED9C18D7 /* [CP] Check Pods Manifest.lock */,
				D62D9AB622547A8600B51E89 /* Sources */,
				D62D9AC222547A8600B51E89 /* Frameworks */,
				D62D9AC322547A8600B51E89 /* Resources */,
				A16C5273913EFD5CCE8B5947 /* [CP] Copy Pods Resources */,
			);
			buildRules = (
			);
			dependencies = (
			);
			name = GHGestureCameraModuleDemo;
			productName = GHGestureDemo;
			productReference = D62D9ACB22547A8600B51E89 /* GHGestureCameraModuleDemo.app */;
			productType = "com.apple.product-type.application";
		};
		D6A75CCB2251A9430074D683 /* GHGestureDemo */ = {
			isa = PBXNativeTarget;
			buildConfigurationList = D6A75CE22251A9450074D683 /* Build configuration list for PBXNativeTarget "GHGestureDemo" */;
			buildPhases = (
				351195C91DE67FB78F4C890E /* [CP] Check Pods Manifest.lock */,
				D6A75CC82251A9430074D683 /* Sources */,
				D6A75CC92251A9430074D683 /* Frameworks */,
				D6A75CCA2251A9430074D683 /* Resources */,
				2219870A9001667418118CBE /* [CP] Copy Pods Resources */,
			);
			buildRules = (
			);
			dependencies = (
			);
			name = GHGestureDemo;
			productName = GHGestureDemo;
			productReference = D6A75CCC2251A9430074D683 /* GHGestureDemo.app */;
			productType = "com.apple.product-type.application";
		};
		D6B204AE225641C2004849E5 /* GHGestureDraggingDemo */ = {
			isa = PBXNativeTarget;
			buildConfigurationList = D6B204C2225641C2004849E5 /* Build configuration list for PBXNativeTarget "GHGestureDraggingDemo" */;
			buildPhases = (
				C73BA784E8CB8A1D28556F57 /* [CP] Check Pods Manifest.lock */,
				D6B204AF225641C2004849E5 /* Sources */,
				D6B204BC225641C2004849E5 /* Frameworks */,
				D6B204BD225641C2004849E5 /* Resources */,
				17B9D5983B34B6B08090E4EC /* [CP] Copy Pods Resources */,
			);
			buildRules = (
			);
			dependencies = (
			);
			name = GHGestureDraggingDemo;
			productName = GHGestureDemo;
			productReference = D6B204C5225641C2004849E5 /* GHGestureDraggingDemo.app */;
			productType = "com.apple.product-type.application";
		};
		D6B204DF225ADDA8004849E5 /* GHGestureCropImageDemo */ = {
			isa = PBXNativeTarget;
			buildConfigurationList = D6B204FB225ADDA8004849E5 /* Build configuration list for PBXNativeTarget "GHGestureCropImageDemo" */;
			buildPhases = (
				03962E0ED392266193C03CAE /* [CP] Check Pods Manifest.lock */,
				D6B204E1225ADDA8004849E5 /* Sources */,
				D6B204F2225ADDA8004849E5 /* Frameworks */,
				D6B204F4225ADDA8004849E5 /* Resources */,
				F5606C2B15EB6F13BE596789 /* [CP] Copy Pods Resources */,
			);
			buildRules = (
			);
			dependencies = (
			);
			name = GHGestureCropImageDemo;
			productName = GHGestureDemo;
			productReference = D6B204FE225ADDA8004849E5 /* GHGestureCropImageDemo.app */;
			productType = "com.apple.product-type.application";
		};
/* End PBXNativeTarget section */

/* Begin PBXProject section */
		D6A75CC42251A9430074D683 /* Project object */ = {
			isa = PBXProject;
			attributes = {
				LastUpgradeCheck = 1010;
				ORGANIZATIONNAME = GHome;
				TargetAttributes = {
					D6A75CCB2251A9430074D683 = {
						CreatedOnToolsVersion = 10.1;
					};
				};
			};
			buildConfigurationList = D6A75CC72251A9430074D683 /* Build configuration list for PBXProject "GHGestureDemo" */;
			compatibilityVersion = "Xcode 9.3";
			developmentRegion = en;
			hasScannedForEncodings = 0;
			knownRegions = (
				en,
				Base,
			);
			mainGroup = D6A75CC32251A9430074D683;
			productRefGroup = D6A75CCD2251A9430074D683 /* Products */;
			projectDirPath = "";
			projectRoot = "";
			targets = (
				D6A75CCB2251A9430074D683 /* GHGestureDemo */,
				D62D9AB522547A8600B51E89 /* GHGestureCameraModuleDemo */,
				D6B204AE225641C2004849E5 /* GHGestureDraggingDemo */,
				D6B204DF225ADDA8004849E5 /* GHGestureCropImageDemo */,
			);
		};
/* End PBXProject section */

/* Begin PBXResourcesBuildPhase section */
		D62D9AC322547A8600B51E89 /* Resources */ = {
			isa = PBXResourcesBuildPhase;
			buildActionMask = 2147483647;
			files = (
				D62D9AC422547A8600B51E89 /* LaunchScreen.storyboard in Resources */,
				D62D9AC522547A8600B51E89 /* README.md in Resources */,
				D62D9AC622547A8600B51E89 /* Assets.xcassets in Resources */,
				D62D9ACF22547EED00B51E89 /* GHGestureCameraModuleDemo.plist in Resources */,
			);
			runOnlyForDeploymentPostprocessing = 0;
		};
		D6A75CCA2251A9430074D683 /* Resources */ = {
			isa = PBXResourcesBuildPhase;
			buildActionMask = 2147483647;
			files = (
				D6A75CDC2251A9450074D683 /* LaunchScreen.storyboard in Resources */,
				D62D9A8C2253079200B51E89 /* README.md in Resources */,
				D62D9A96225387F100B51E89 /* Assets.xcassets in Resources */,
			);
			runOnlyForDeploymentPostprocessing = 0;
		};
		D6B204BD225641C2004849E5 /* Resources */ = {
			isa = PBXResourcesBuildPhase;
			buildActionMask = 2147483647;
			files = (
				D6B204BE225641C2004849E5 /* LaunchScreen.storyboard in Resources */,
				D6B204CC22564300004849E5 /* GHGestureDraggingDemo.plist in Resources */,
				D6B204BF225641C2004849E5 /* README.md in Resources */,
				D6B204C0225641C2004849E5 /* Assets.xcassets in Resources */,
				D6B204C1225641C2004849E5 /* GHGestureCameraModuleDemo.plist in Resources */,
			);
			runOnlyForDeploymentPostprocessing = 0;
		};
		D6B204F4225ADDA8004849E5 /* Resources */ = {
			isa = PBXResourcesBuildPhase;
			buildActionMask = 2147483647;
			files = (
				D6B204F5225ADDA8004849E5 /* LaunchScreen.storyboard in Resources */,
				D6B204F6225ADDA8004849E5 /* GHGestureDraggingDemo.plist in Resources */,
				D6B20501225ADE41004849E5 /* GHGestureCropImageDemo.plist in Resources */,
				D6B204F7225ADDA8004849E5 /* README.md in Resources */,
				D6B204F8225ADDA8004849E5 /* Assets.xcassets in Resources */,
				D6B204F9225ADDA8004849E5 /* GHGestureCameraModuleDemo.plist in Resources */,
			);
			runOnlyForDeploymentPostprocessing = 0;
		};
/* End PBXResourcesBuildPhase section */

/* Begin PBXShellScriptBuildPhase section */
		03962E0ED392266193C03CAE /* [CP] Check Pods Manifest.lock */ = {
			isa = PBXShellScriptBuildPhase;
			buildActionMask = 2147483647;
			files = (
			);
			inputFileListPaths = (
			);
			inputPaths = (
				"${PODS_PODFILE_DIR_PATH}/Podfile.lock",
				"${PODS_ROOT}/Manifest.lock",
			);
			name = "[CP] Check Pods Manifest.lock";
			outputFileListPaths = (
			);
			outputPaths = (
				"$(DERIVED_FILE_DIR)/Pods-GHGestureCropImageDemo-checkManifestLockResult.txt",
			);
			runOnlyForDeploymentPostprocessing = 0;
			shellPath = /bin/sh;
			shellScript = "diff \"${PODS_PODFILE_DIR_PATH}/Podfile.lock\" \"${PODS_ROOT}/Manifest.lock\" > /dev/null\nif [ $? != 0 ] ; then\n    # print error to STDERR\n    echo \"error: The sandbox is not in sync with the Podfile.lock. Run 'pod install' or update your CocoaPods installation.\" >&2\n    exit 1\nfi\n# This output is used by Xcode 'outputs' to avoid re-running this script phase.\necho \"SUCCESS\" > \"${SCRIPT_OUTPUT_FILE_0}\"\n";
			showEnvVarsInLog = 0;
		};
		17B9D5983B34B6B08090E4EC /* [CP] Copy Pods Resources */ = {
			isa = PBXShellScriptBuildPhase;
			buildActionMask = 2147483647;
			files = (
			);
			inputFileListPaths = (
			);
			inputPaths = (
				"${SRCROOT}/Pods/Target Support Files/Pods-GHGestureDraggingDemo/Pods-GHGestureDraggingDemo-resources.sh",
				"${PODS_ROOT}/BaiduMapKit/BaiduMapKit/BaiduMapAPI_Map.framework/mapapi.bundle",
			);
			name = "[CP] Copy Pods Resources";
			outputFileListPaths = (
			);
			outputPaths = (
				"${TARGET_BUILD_DIR}/${UNLOCALIZED_RESOURCES_FOLDER_PATH}/mapapi.bundle",
			);
			runOnlyForDeploymentPostprocessing = 0;
			shellPath = /bin/sh;
			shellScript = "\"${SRCROOT}/Pods/Target Support Files/Pods-GHGestureDraggingDemo/Pods-GHGestureDraggingDemo-resources.sh\"\n";
			showEnvVarsInLog = 0;
		};
		2219870A9001667418118CBE /* [CP] Copy Pods Resources */ = {
			isa = PBXShellScriptBuildPhase;
			buildActionMask = 2147483647;
			files = (
			);
			inputFileListPaths = (
			);
			inputPaths = (
				"${SRCROOT}/Pods/Target Support Files/Pods-GHGestureDemo/Pods-GHGestureDemo-resources.sh",
				"${PODS_ROOT}/BaiduMapKit/BaiduMapKit/BaiduMapAPI_Map.framework/mapapi.bundle",
			);
			name = "[CP] Copy Pods Resources";
			outputFileListPaths = (
			);
			outputPaths = (
				"${TARGET_BUILD_DIR}/${UNLOCALIZED_RESOURCES_FOLDER_PATH}/mapapi.bundle",
			);
			runOnlyForDeploymentPostprocessing = 0;
			shellPath = /bin/sh;
			shellScript = "\"${SRCROOT}/Pods/Target Support Files/Pods-GHGestureDemo/Pods-GHGestureDemo-resources.sh\"\n";
			showEnvVarsInLog = 0;
		};
		351195C91DE67FB78F4C890E /* [CP] Check Pods Manifest.lock */ = {
			isa = PBXShellScriptBuildPhase;
			buildActionMask = 2147483647;
			files = (
			);
			inputFileListPaths = (
			);
			inputPaths = (
				"${PODS_PODFILE_DIR_PATH}/Podfile.lock",
				"${PODS_ROOT}/Manifest.lock",
			);
			name = "[CP] Check Pods Manifest.lock";
			outputFileListPaths = (
			);
			outputPaths = (
				"$(DERIVED_FILE_DIR)/Pods-GHGestureDemo-checkManifestLockResult.txt",
			);
			runOnlyForDeploymentPostprocessing = 0;
			shellPath = /bin/sh;
			shellScript = "diff \"${PODS_PODFILE_DIR_PATH}/Podfile.lock\" \"${PODS_ROOT}/Manifest.lock\" > /dev/null\nif [ $? != 0 ] ; then\n    # print error to STDERR\n    echo \"error: The sandbox is not in sync with the Podfile.lock. Run 'pod install' or update your CocoaPods installation.\" >&2\n    exit 1\nfi\n# This output is used by Xcode 'outputs' to avoid re-running this script phase.\necho \"SUCCESS\" > \"${SCRIPT_OUTPUT_FILE_0}\"\n";
			showEnvVarsInLog = 0;
		};
		A16C5273913EFD5CCE8B5947 /* [CP] Copy Pods Resources */ = {
			isa = PBXShellScriptBuildPhase;
			buildActionMask = 2147483647;
			files = (
			);
			inputFileListPaths = (
			);
			inputPaths = (
				"${SRCROOT}/Pods/Target Support Files/Pods-GHGestureCameraModuleDemo/Pods-GHGestureCameraModuleDemo-resources.sh",
				"${PODS_ROOT}/BaiduMapKit/BaiduMapKit/BaiduMapAPI_Map.framework/mapapi.bundle",
			);
			name = "[CP] Copy Pods Resources";
			outputFileListPaths = (
			);
			outputPaths = (
				"${TARGET_BUILD_DIR}/${UNLOCALIZED_RESOURCES_FOLDER_PATH}/mapapi.bundle",
			);
			runOnlyForDeploymentPostprocessing = 0;
			shellPath = /bin/sh;
			shellScript = "\"${SRCROOT}/Pods/Target Support Files/Pods-GHGestureCameraModuleDemo/Pods-GHGestureCameraModuleDemo-resources.sh\"\n";
			showEnvVarsInLog = 0;
		};
		A9E9E0A7DCED674DED9C18D7 /* [CP] Check Pods Manifest.lock */ = {
			isa = PBXShellScriptBuildPhase;
			buildActionMask = 2147483647;
			files = (
			);
			inputFileListPaths = (
			);
			inputPaths = (
				"${PODS_PODFILE_DIR_PATH}/Podfile.lock",
				"${PODS_ROOT}/Manifest.lock",
			);
			name = "[CP] Check Pods Manifest.lock";
			outputFileListPaths = (
			);
			outputPaths = (
				"$(DERIVED_FILE_DIR)/Pods-GHGestureCameraModuleDemo-checkManifestLockResult.txt",
			);
			runOnlyForDeploymentPostprocessing = 0;
			shellPath = /bin/sh;
			shellScript = "diff \"${PODS_PODFILE_DIR_PATH}/Podfile.lock\" \"${PODS_ROOT}/Manifest.lock\" > /dev/null\nif [ $? != 0 ] ; then\n    # print error to STDERR\n    echo \"error: The sandbox is not in sync with the Podfile.lock. Run 'pod install' or update your CocoaPods installation.\" >&2\n    exit 1\nfi\n# This output is used by Xcode 'outputs' to avoid re-running this script phase.\necho \"SUCCESS\" > \"${SCRIPT_OUTPUT_FILE_0}\"\n";
			showEnvVarsInLog = 0;
		};
		C73BA784E8CB8A1D28556F57 /* [CP] Check Pods Manifest.lock */ = {
			isa = PBXShellScriptBuildPhase;
			buildActionMask = 2147483647;
			files = (
			);
			inputFileListPaths = (
			);
			inputPaths = (
				"${PODS_PODFILE_DIR_PATH}/Podfile.lock",
				"${PODS_ROOT}/Manifest.lock",
			);
			name = "[CP] Check Pods Manifest.lock";
			outputFileListPaths = (
			);
			outputPaths = (
				"$(DERIVED_FILE_DIR)/Pods-GHGestureDraggingDemo-checkManifestLockResult.txt",
			);
			runOnlyForDeploymentPostprocessing = 0;
			shellPath = /bin/sh;
			shellScript = "diff \"${PODS_PODFILE_DIR_PATH}/Podfile.lock\" \"${PODS_ROOT}/Manifest.lock\" > /dev/null\nif [ $? != 0 ] ; then\n    # print error to STDERR\n    echo \"error: The sandbox is not in sync with the Podfile.lock. Run 'pod install' or update your CocoaPods installation.\" >&2\n    exit 1\nfi\n# This output is used by Xcode 'outputs' to avoid re-running this script phase.\necho \"SUCCESS\" > \"${SCRIPT_OUTPUT_FILE_0}\"\n";
			showEnvVarsInLog = 0;
		};
		F5606C2B15EB6F13BE596789 /* [CP] Copy Pods Resources */ = {
			isa = PBXShellScriptBuildPhase;
			buildActionMask = 2147483647;
			files = (
			);
			inputFileListPaths = (
			);
			inputPaths = (
				"${SRCROOT}/Pods/Target Support Files/Pods-GHGestureCropImageDemo/Pods-GHGestureCropImageDemo-resources.sh",
				"${PODS_ROOT}/BaiduMapKit/BaiduMapKit/BaiduMapAPI_Map.framework/mapapi.bundle",
			);
			name = "[CP] Copy Pods Resources";
			outputFileListPaths = (
			);
			outputPaths = (
				"${TARGET_BUILD_DIR}/${UNLOCALIZED_RESOURCES_FOLDER_PATH}/mapapi.bundle",
			);
			runOnlyForDeploymentPostprocessing = 0;
			shellPath = /bin/sh;
			shellScript = "\"${SRCROOT}/Pods/Target Support Files/Pods-GHGestureCropImageDemo/Pods-GHGestureCropImageDemo-resources.sh\"\n";
			showEnvVarsInLog = 0;
		};
/* End PBXShellScriptBuildPhase section */

/* Begin PBXSourcesBuildPhase section */
		D62D9AB622547A8600B51E89 /* Sources */ = {
			isa = PBXSourcesBuildPhase;
			buildActionMask = 2147483647;
			files = (
				D62D9AB722547A8600B51E89 /* ViewController.m in Sources */,
				D62D9AB822547A8600B51E89 /* UIView+Extension.m in Sources */,
				D6B204AD2255C58C004849E5 /* GHTimerManager.m in Sources */,
				D62D9AB922547A8600B51E89 /* GHViewController.m in Sources */,
				D62D9ABA22547A8600B51E89 /* GHPrivacyAuthTool.m in Sources */,
				D62D9ABB22547A8600B51E89 /* main.m in Sources */,
				D62D9ABC22547A8600B51E89 /* GHCameraModuleView.m in Sources */,
				D62D9ABD22547A8600B51E89 /* GHCameraModuleViewController.m in Sources */,
				D62D9ABE22547A8600B51E89 /* GHAdjustFocal.m in Sources */,
				D62D9ABF22547A8600B51E89 /* AppDelegate.m in Sources */,
				D62D9AC022547A8600B51E89 /* GHScanView.m in Sources */,
				D62D9AC122547A8600B51E89 /* GHCameraModule.m in Sources */,
			);
			runOnlyForDeploymentPostprocessing = 0;
		};
		D6A75CC82251A9430074D683 /* Sources */ = {
			isa = PBXSourcesBuildPhase;
			buildActionMask = 2147483647;
			files = (
				D6A75CD42251A9430074D683 /* ViewController.m in Sources */,
				D62D9AB12254655700B51E89 /* UIView+Extension.m in Sources */,
				D6B20493225562FF004849E5 /* GHTimerManager.m in Sources */,
				D62D9AB422547A1F00B51E89 /* GHViewController.m in Sources */,
				D62D9A9422537B9300B51E89 /* GHPrivacyAuthTool.m in Sources */,
				D6A75CDF2251A9450074D683 /* main.m in Sources */,
				D62D9AB02254655700B51E89 /* GHCameraModuleView.m in Sources */,
				D62D9AAF2254655700B51E89 /* GHCameraModuleViewController.m in Sources */,
				D62D9A9022530A2800B51E89 /* GHAdjustFocal.m in Sources */,
				D6A75CD12251A9430074D683 /* AppDelegate.m in Sources */,
				D62D9AAE2254655700B51E89 /* GHScanView.m in Sources */,
				D6A75CEF2251BA950074D683 /* GHCameraModule.m in Sources */,
			);
			runOnlyForDeploymentPostprocessing = 0;
		};
		D6B204AF225641C2004849E5 /* Sources */ = {
			isa = PBXSourcesBuildPhase;
			buildActionMask = 2147483647;
			files = (
				D6B204B0225641C2004849E5 /* ViewController.m in Sources */,
				D6B204B1225641C2004849E5 /* UIView+Extension.m in Sources */,
				D6B204B2225641C2004849E5 /* GHTimerManager.m in Sources */,
				D6B204B3225641C2004849E5 /* GHViewController.m in Sources */,
				D6B20556225B49A4004849E5 /* GHGestureDraggingHeader.m in Sources */,
				D6B204B4225641C2004849E5 /* GHPrivacyAuthTool.m in Sources */,
				D6B204B5225641C2004849E5 /* main.m in Sources */,
				D6B204B6225641C2004849E5 /* GHCameraModuleView.m in Sources */,
				D6B204B7225641C2004849E5 /* GHCameraModuleViewController.m in Sources */,
				D6B204B8225641C2004849E5 /* GHAdjustFocal.m in Sources */,
				D6B204B9225641C2004849E5 /* AppDelegate.m in Sources */,
				D6B204BA225641C2004849E5 /* GHScanView.m in Sources */,
				D6B20555225B49A4004849E5 /* GHGestureDraggingViewController.m in Sources */,
				D6B20557225B49A4004849E5 /* GHGestureDraggingCell.m in Sources */,
				D6B20558225B49A4004849E5 /* GHGestureDraggingView.m in Sources */,
				D6B204BB225641C2004849E5 /* GHCameraModule.m in Sources */,
			);
			runOnlyForDeploymentPostprocessing = 0;
		};
		D6B204E1225ADDA8004849E5 /* Sources */ = {
			isa = PBXSourcesBuildPhase;
			buildActionMask = 2147483647;
			files = (
				D6B204E3225ADDA8004849E5 /* ViewController.m in Sources */,
				D6B20520225B11A4004849E5 /* ZZImageEditTool.m in Sources */,
				D6B204E6225ADDA8004849E5 /* UIView+Extension.m in Sources */,
				D6B204E7225ADDA8004849E5 /* GHTimerManager.m in Sources */,
				D6B204E8225ADDA8004849E5 /* GHViewController.m in Sources */,
				D6B204E9225ADDA8004849E5 /* GHPrivacyAuthTool.m in Sources */,
				D6B204EA225ADDA8004849E5 /* main.m in Sources */,
				D6B204EB225ADDA8004849E5 /* GHCameraModuleView.m in Sources */,
				D6B204EC225ADDA8004849E5 /* GHCameraModuleViewController.m in Sources */,
				D6B204ED225ADDA8004849E5 /* GHAdjustFocal.m in Sources */,
				D6B2051E225B11A4004849E5 /* ZZCutCircle.m in Sources */,
				D6B204EE225ADDA8004849E5 /* AppDelegate.m in Sources */,
				D6B20527225B2A0C004849E5 /* TKImageView.m in Sources */,
				D6B204F0225ADDA8004849E5 /* GHScanView.m in Sources */,
				D6B20515225B0CDE004849E5 /* GHGestureCropImagViewController.m in Sources */,
				D6B2051F225B11A4004849E5 /* ZZCutGridLayer.m in Sources */,
				D6B204F1225ADDA8004849E5 /* GHCameraModule.m in Sources */,
			);
			runOnlyForDeploymentPostprocessing = 0;
		};
/* End PBXSourcesBuildPhase section */

/* Begin PBXVariantGroup section */
		D6A75CDA2251A9450074D683 /* LaunchScreen.storyboard */ = {
			isa = PBXVariantGroup;
			children = (
				D6A75CDB2251A9450074D683 /* Base */,
			);
			name = LaunchScreen.storyboard;
			sourceTree = "<group>";
		};
/* End PBXVariantGroup section */

/* Begin XCBuildConfiguration section */
		D62D9AC922547A8600B51E89 /* Debug */ = {
			isa = XCBuildConfiguration;
			baseConfigurationReference = C490937CD42CE058FF7B0191 /* Pods-GHGestureCameraModuleDemo.debug.xcconfig */;
			buildSettings = {
				ASSETCATALOG_COMPILER_APPICON_NAME = AppIcon;
				CODE_SIGN_STYLE = Automatic;
				DEVELOPMENT_TEAM = KZ9JB9ZT4S;
				GCC_PREPROCESSOR_DEFINITIONS = DEVELOPMENT1;
				INFOPLIST_FILE = "$(SRCROOT)/GHGestureDemo/GHGestureCameraModuleDemo.plist";
				IPHONEOS_DEPLOYMENT_TARGET = 10.0;
				LD_RUNPATH_SEARCH_PATHS = (
					"$(inherited)",
					"@executable_path/Frameworks",
				);
				PRODUCT_BUNDLE_IDENTIFIER = GHome.GHGestureDemo;
				PRODUCT_NAME = "$(TARGET_NAME)";
				TARGETED_DEVICE_FAMILY = "1,2";
			};
			name = Debug;
		};
		D62D9ACA22547A8600B51E89 /* Release */ = {
			isa = XCBuildConfiguration;
			baseConfigurationReference = 16E104218E84444D45567567 /* Pods-GHGestureCameraModuleDemo.release.xcconfig */;
			buildSettings = {
				ASSETCATALOG_COMPILER_APPICON_NAME = AppIcon;
				CODE_SIGN_STYLE = Automatic;
				DEVELOPMENT_TEAM = KZ9JB9ZT4S;
				GCC_PREPROCESSOR_DEFINITIONS = "";
				INFOPLIST_FILE = "$(SRCROOT)/GHGestureDemo/GHGestureCameraModuleDemo.plist";
				IPHONEOS_DEPLOYMENT_TARGET = 10.0;
				LD_RUNPATH_SEARCH_PATHS = (
					"$(inherited)",
					"@executable_path/Frameworks",
				);
				PRODUCT_BUNDLE_IDENTIFIER = GHome.GHGestureDemo;
				PRODUCT_NAME = "$(TARGET_NAME)";
				TARGETED_DEVICE_FAMILY = "1,2";
			};
			name = Release;
		};
		D6A75CE02251A9450074D683 /* Debug */ = {
			isa = XCBuildConfiguration;
			buildSettings = {
				ALWAYS_SEARCH_USER_PATHS = NO;
				CLANG_ANALYZER_NONNULL = YES;
				CLANG_ANALYZER_NUMBER_OBJECT_CONVERSION = YES_AGGRESSIVE;
				CLANG_CXX_LANGUAGE_STANDARD = "gnu++14";
				CLANG_CXX_LIBRARY = "libc++";
				CLANG_ENABLE_MODULES = YES;
				CLANG_ENABLE_OBJC_ARC = YES;
				CLANG_ENABLE_OBJC_WEAK = YES;
				CLANG_WARN_BLOCK_CAPTURE_AUTORELEASING = YES;
				CLANG_WARN_BOOL_CONVERSION = YES;
				CLANG_WARN_COMMA = YES;
				CLANG_WARN_CONSTANT_CONVERSION = YES;
				CLANG_WARN_DEPRECATED_OBJC_IMPLEMENTATIONS = YES;
				CLANG_WARN_DIRECT_OBJC_ISA_USAGE = YES_ERROR;
				CLANG_WARN_DOCUMENTATION_COMMENTS = YES;
				CLANG_WARN_EMPTY_BODY = YES;
				CLANG_WARN_ENUM_CONVERSION = YES;
				CLANG_WARN_INFINITE_RECURSION = YES;
				CLANG_WARN_INT_CONVERSION = YES;
				CLANG_WARN_NON_LITERAL_NULL_CONVERSION = YES;
				CLANG_WARN_OBJC_IMPLICIT_RETAIN_SELF = YES;
				CLANG_WARN_OBJC_LITERAL_CONVERSION = YES;
				CLANG_WARN_OBJC_ROOT_CLASS = YES_ERROR;
				CLANG_WARN_RANGE_LOOP_ANALYSIS = YES;
				CLANG_WARN_STRICT_PROTOTYPES = YES;
				CLANG_WARN_SUSPICIOUS_MOVE = YES;
				CLANG_WARN_UNGUARDED_AVAILABILITY = YES_AGGRESSIVE;
				CLANG_WARN_UNREACHABLE_CODE = YES;
				CLANG_WARN__DUPLICATE_METHOD_MATCH = YES;
				CODE_SIGN_IDENTITY = "iPhone Developer";
				COPY_PHASE_STRIP = NO;
				DEBUG_INFORMATION_FORMAT = dwarf;
				ENABLE_STRICT_OBJC_MSGSEND = YES;
				ENABLE_TESTABILITY = YES;
				GCC_C_LANGUAGE_STANDARD = gnu11;
				GCC_DYNAMIC_NO_PIC = NO;
				GCC_NO_COMMON_BLOCKS = YES;
				GCC_OPTIMIZATION_LEVEL = 0;
				GCC_PREPROCESSOR_DEFINITIONS = (
					"DEBUG=1",
					"$(inherited)",
				);
				GCC_WARN_64_TO_32_BIT_CONVERSION = YES;
				GCC_WARN_ABOUT_RETURN_TYPE = YES_ERROR;
				GCC_WARN_UNDECLARED_SELECTOR = YES;
				GCC_WARN_UNINITIALIZED_AUTOS = YES_AGGRESSIVE;
				GCC_WARN_UNUSED_FUNCTION = YES;
				GCC_WARN_UNUSED_VARIABLE = YES;
				IPHONEOS_DEPLOYMENT_TARGET = 12.1;
				MTL_ENABLE_DEBUG_INFO = INCLUDE_SOURCE;
				MTL_FAST_MATH = YES;
				ONLY_ACTIVE_ARCH = YES;
				SDKROOT = iphoneos;
			};
			name = Debug;
		};
		D6A75CE12251A9450074D683 /* Release */ = {
			isa = XCBuildConfiguration;
			buildSettings = {
				ALWAYS_SEARCH_USER_PATHS = NO;
				CLANG_ANALYZER_NONNULL = YES;
				CLANG_ANALYZER_NUMBER_OBJECT_CONVERSION = YES_AGGRESSIVE;
				CLANG_CXX_LANGUAGE_STANDARD = "gnu++14";
				CLANG_CXX_LIBRARY = "libc++";
				CLANG_ENABLE_MODULES = YES;
				CLANG_ENABLE_OBJC_ARC = YES;
				CLANG_ENABLE_OBJC_WEAK = YES;
				CLANG_WARN_BLOCK_CAPTURE_AUTORELEASING = YES;
				CLANG_WARN_BOOL_CONVERSION = YES;
				CLANG_WARN_COMMA = YES;
				CLANG_WARN_CONSTANT_CONVERSION = YES;
				CLANG_WARN_DEPRECATED_OBJC_IMPLEMENTATIONS = YES;
				CLANG_WARN_DIRECT_OBJC_ISA_USAGE = YES_ERROR;
				CLANG_WARN_DOCUMENTATION_COMMENTS = YES;
				CLANG_WARN_EMPTY_BODY = YES;
				CLANG_WARN_ENUM_CONVERSION = YES;
				CLANG_WARN_INFINITE_RECURSION = YES;
				CLANG_WARN_INT_CONVERSION = YES;
				CLANG_WARN_NON_LITERAL_NULL_CONVERSION = YES;
				CLANG_WARN_OBJC_IMPLICIT_RETAIN_SELF = YES;
				CLANG_WARN_OBJC_LITERAL_CONVERSION = YES;
				CLANG_WARN_OBJC_ROOT_CLASS = YES_ERROR;
				CLANG_WARN_RANGE_LOOP_ANALYSIS = YES;
				CLANG_WARN_STRICT_PROTOTYPES = YES;
				CLANG_WARN_SUSPICIOUS_MOVE = YES;
				CLANG_WARN_UNGUARDED_AVAILABILITY = YES_AGGRESSIVE;
				CLANG_WARN_UNREACHABLE_CODE = YES;
				CLANG_WARN__DUPLICATE_METHOD_MATCH = YES;
				CODE_SIGN_IDENTITY = "iPhone Developer";
				COPY_PHASE_STRIP = NO;
				DEBUG_INFORMATION_FORMAT = "dwarf-with-dsym";
				ENABLE_NS_ASSERTIONS = NO;
				ENABLE_STRICT_OBJC_MSGSEND = YES;
				GCC_C_LANGUAGE_STANDARD = gnu11;
				GCC_NO_COMMON_BLOCKS = YES;
				GCC_WARN_64_TO_32_BIT_CONVERSION = YES;
				GCC_WARN_ABOUT_RETURN_TYPE = YES_ERROR;
				GCC_WARN_UNDECLARED_SELECTOR = YES;
				GCC_WARN_UNINITIALIZED_AUTOS = YES_AGGRESSIVE;
				GCC_WARN_UNUSED_FUNCTION = YES;
				GCC_WARN_UNUSED_VARIABLE = YES;
				IPHONEOS_DEPLOYMENT_TARGET = 12.1;
				MTL_ENABLE_DEBUG_INFO = NO;
				MTL_FAST_MATH = YES;
				SDKROOT = iphoneos;
				VALIDATE_PRODUCT = YES;
			};
			name = Release;
		};
		D6A75CE32251A9450074D683 /* Debug */ = {
			isa = XCBuildConfiguration;
			baseConfigurationReference = 45E1DB76F0F059097A618106 /* Pods-GHGestureDemo.debug.xcconfig */;
			buildSettings = {
				ASSETCATALOG_COMPILER_APPICON_NAME = AppIcon;
				CODE_SIGN_STYLE = Automatic;
				DEVELOPMENT_TEAM = KZ9JB9ZT4S;
				GCC_PREPROCESSOR_DEFINITIONS = DEVELOPMENT0;
				INFOPLIST_FILE = GHGestureDemo/Info.plist;
				IPHONEOS_DEPLOYMENT_TARGET = 10.0;
				LD_RUNPATH_SEARCH_PATHS = (
					"$(inherited)",
					"@executable_path/Frameworks",
				);
				PRODUCT_BUNDLE_IDENTIFIER = GHome.GHGestureDemo;
				PRODUCT_NAME = "$(TARGET_NAME)";
				TARGETED_DEVICE_FAMILY = "1,2";
			};
			name = Debug;
		};
		D6A75CE42251A9450074D683 /* Release */ = {
			isa = XCBuildConfiguration;
			baseConfigurationReference = EB932B34794DF789714BB870 /* Pods-GHGestureDemo.release.xcconfig */;
			buildSettings = {
				ASSETCATALOG_COMPILER_APPICON_NAME = AppIcon;
				CODE_SIGN_STYLE = Automatic;
				DEVELOPMENT_TEAM = KZ9JB9ZT4S;
				GCC_PREPROCESSOR_DEFINITIONS = DEVELOPMENT0;
				INFOPLIST_FILE = GHGestureDemo/Info.plist;
				IPHONEOS_DEPLOYMENT_TARGET = 10.0;
				LD_RUNPATH_SEARCH_PATHS = (
					"$(inherited)",
					"@executable_path/Frameworks",
				);
				PRODUCT_BUNDLE_IDENTIFIER = GHome.GHGestureDemo;
				PRODUCT_NAME = "$(TARGET_NAME)";
				TARGETED_DEVICE_FAMILY = "1,2";
			};
			name = Release;
		};
		D6B204C3225641C2004849E5 /* Debug */ = {
			isa = XCBuildConfiguration;
			baseConfigurationReference = 7133944D52E4651CD4D6F935 /* Pods-GHGestureDraggingDemo.debug.xcconfig */;
			buildSettings = {
				ASSETCATALOG_COMPILER_APPICON_NAME = AppIcon;
				CODE_SIGN_STYLE = Automatic;
				DEVELOPMENT_TEAM = KZ9JB9ZT4S;
				GCC_PREFIX_HEADER = GHGestureDemo/Other/PrefixHeader.pch;
				GCC_PREPROCESSOR_DEFINITIONS = DEVELOPMENT2;
				INFOPLIST_FILE = "$(SRCROOT)/GHGestureDemo/GHGestureDraggingDemo.plist";
				IPHONEOS_DEPLOYMENT_TARGET = 10.0;
				LD_RUNPATH_SEARCH_PATHS = (
					"$(inherited)",
					"@executable_path/Frameworks",
				);
				PRODUCT_BUNDLE_IDENTIFIER = GHome.GHGestureDemo;
				PRODUCT_NAME = "$(TARGET_NAME)";
				TARGETED_DEVICE_FAMILY = "1,2";
			};
			name = Debug;
		};
		D6B204C4225641C2004849E5 /* Release */ = {
			isa = XCBuildConfiguration;
			baseConfigurationReference = ED715A5D0275C7DAE5AEACD2 /* Pods-GHGestureDraggingDemo.release.xcconfig */;
			buildSettings = {
				ASSETCATALOG_COMPILER_APPICON_NAME = AppIcon;
				CODE_SIGN_STYLE = Automatic;
				DEVELOPMENT_TEAM = KZ9JB9ZT4S;
				GCC_PREFIX_HEADER = GHGestureDemo/Other/PrefixHeader.pch;
				GCC_PREPROCESSOR_DEFINITIONS = "";
				INFOPLIST_FILE = "$(SRCROOT)/GHGestureDemo/GHGestureDraggingDemo.plist";
				IPHONEOS_DEPLOYMENT_TARGET = 10.0;
				LD_RUNPATH_SEARCH_PATHS = (
					"$(inherited)",
					"@executable_path/Frameworks",
				);
				PRODUCT_BUNDLE_IDENTIFIER = GHome.GHGestureDemo;
				PRODUCT_NAME = "$(TARGET_NAME)";
				TARGETED_DEVICE_FAMILY = "1,2";
			};
			name = Release;
		};
		D6B204FC225ADDA8004849E5 /* Debug */ = {
			isa = XCBuildConfiguration;
			baseConfigurationReference = FE1026400F1E5E99D25C1A70 /* Pods-GHGestureCropImageDemo.debug.xcconfig */;
			buildSettings = {
				ASSETCATALOG_COMPILER_APPICON_NAME = AppIcon;
				CODE_SIGN_STYLE = Automatic;
				DEVELOPMENT_TEAM = KZ9JB9ZT4S;
				GCC_PREFIX_HEADER = GHGestureDemo/Other/PrefixHeader.pch;
				GCC_PREPROCESSOR_DEFINITIONS = DEVELOPMENT3;
				INFOPLIST_FILE = "$(SRCROOT)/GHGestureDemo/GHGestureCropImageDemo.plist";
				IPHONEOS_DEPLOYMENT_TARGET = 10.0;
				LD_RUNPATH_SEARCH_PATHS = (
					"$(inherited)",
					"@executable_path/Frameworks",
				);
				PRODUCT_BUNDLE_IDENTIFIER = GHome.GHGestureDemo;
				PRODUCT_NAME = "$(TARGET_NAME)";
				TARGETED_DEVICE_FAMILY = "1,2";
			};
			name = Debug;
		};
		D6B204FD225ADDA8004849E5 /* Release */ = {
			isa = XCBuildConfiguration;
			baseConfigurationReference = 5336AB7AA506592D1C5EB6CE /* Pods-GHGestureCropImageDemo.release.xcconfig */;
			buildSettings = {
				ASSETCATALOG_COMPILER_APPICON_NAME = AppIcon;
				CODE_SIGN_STYLE = Automatic;
				DEVELOPMENT_TEAM = KZ9JB9ZT4S;
				GCC_PREFIX_HEADER = GHGestureDemo/Other/PrefixHeader.pch;
				GCC_PREPROCESSOR_DEFINITIONS = "";
				INFOPLIST_FILE = "$(SRCROOT)/GHGestureDemo/GHGestureCropImageDemo.plist";
				IPHONEOS_DEPLOYMENT_TARGET = 10.0;
				LD_RUNPATH_SEARCH_PATHS = (
					"$(inherited)",
					"@executable_path/Frameworks",
				);
				PRODUCT_BUNDLE_IDENTIFIER = GHome.GHGestureDemo;
				PRODUCT_NAME = "$(TARGET_NAME)";
				TARGETED_DEVICE_FAMILY = "1,2";
			};
			name = Release;
		};
/* End XCBuildConfiguration section */

/* Begin XCConfigurationList section */
		D62D9AC822547A8600B51E89 /* Build configuration list for PBXNativeTarget "GHGestureCameraModuleDemo" */ = {
			isa = XCConfigurationList;
			buildConfigurations = (
				D62D9AC922547A8600B51E89 /* Debug */,
				D62D9ACA22547A8600B51E89 /* Release */,
			);
			defaultConfigurationIsVisible = 0;
			defaultConfigurationName = Release;
		};
		D6A75CC72251A9430074D683 /* Build configuration list for PBXProject "GHGestureDemo" */ = {
			isa = XCConfigurationList;
			buildConfigurations = (
				D6A75CE02251A9450074D683 /* Debug */,
				D6A75CE12251A9450074D683 /* Release */,
			);
			defaultConfigurationIsVisible = 0;
			defaultConfigurationName = Release;
		};
		D6A75CE22251A9450074D683 /* Build configuration list for PBXNativeTarget "GHGestureDemo" */ = {
			isa = XCConfigurationList;
			buildConfigurations = (
				D6A75CE32251A9450074D683 /* Debug */,
				D6A75CE42251A9450074D683 /* Release */,
			);
			defaultConfigurationIsVisible = 0;
			defaultConfigurationName = Release;
		};
		D6B204C2225641C2004849E5 /* Build configuration list for PBXNativeTarget "GHGestureDraggingDemo" */ = {
			isa = XCConfigurationList;
			buildConfigurations = (
				D6B204C3225641C2004849E5 /* Debug */,
				D6B204C4225641C2004849E5 /* Release */,
			);
			defaultConfigurationIsVisible = 0;
			defaultConfigurationName = Release;
		};
		D6B204FB225ADDA8004849E5 /* Build configuration list for PBXNativeTarget "GHGestureCropImageDemo" */ = {
			isa = XCConfigurationList;
			buildConfigurations = (
				D6B204FC225ADDA8004849E5 /* Debug */,
				D6B204FD225ADDA8004849E5 /* Release */,
			);
			defaultConfigurationIsVisible = 0;
			defaultConfigurationName = Release;
		};
/* End XCConfigurationList section */
	};
	rootObject = D6A75CC42251A9430074D683 /* Project object */;
}
